// !$*UTF8*$!
{
	archiveVersion = 1;
	classes = {
	};
	objectVersion = 50;
	objects = {

/* Begin PBXBuildFile section */
		18012AC120A9E2FD00F37B41 /* AFNetTools.swift in Sources */ = {isa = PBXBuildFile; fileRef = 18012AC020A9E2FD00F37B41 /* AFNetTools.swift */; };
		187A22DC20833BAB00091047 /* AppDelegate.swift in Sources */ = {isa = PBXBuildFile; fileRef = 187A22DB20833BAB00091047 /* AppDelegate.swift */; };
		187A22DE20833BAB00091047 /* ViewController.swift in Sources */ = {isa = PBXBuildFile; fileRef = 187A22DD20833BAB00091047 /* ViewController.swift */; };
		187A22E120833BAB00091047 /* Main.storyboard in Resources */ = {isa = PBXBuildFile; fileRef = 187A22DF20833BAB00091047 /* Main.storyboard */; };
		187A22E620833BAC00091047 /* LaunchScreen.storyboard in Resources */ = {isa = PBXBuildFile; fileRef = 187A22E420833BAC00091047 /* LaunchScreen.storyboard */; };
		187A22F120833BAD00091047 /* BookTradingTests.swift in Sources */ = {isa = PBXBuildFile; fileRef = 187A22F020833BAD00091047 /* BookTradingTests.swift */; };
		187A22FC20833BAD00091047 /* BookTradingUITests.swift in Sources */ = {isa = PBXBuildFile; fileRef = 187A22FB20833BAD00091047 /* BookTradingUITests.swift */; };
		18820B5320AFF5D800038BFF /* baseUserClass.swift in Sources */ = {isa = PBXBuildFile; fileRef = 18820B5220AFF5D800038BFF /* baseUserClass.swift */; };
		188FF0BF20908368007F521C /* TabBarViewController.swift in Sources */ = {isa = PBXBuildFile; fileRef = 188FF0BE20908368007F521C /* TabBarViewController.swift */; };
		188FF0D42091D102007F521C /* MarketViewController.swift in Sources */ = {isa = PBXBuildFile; fileRef = 188FF0D22091D102007F521C /* MarketViewController.swift */; };
		188FF0D52091D102007F521C /* MarketViewController.xib in Resources */ = {isa = PBXBuildFile; fileRef = 188FF0D32091D102007F521C /* MarketViewController.xib */; };
		188FF0D820923F52007F521C /* StoreViewController.swift in Sources */ = {isa = PBXBuildFile; fileRef = 188FF0D620923F52007F521C /* StoreViewController.swift */; };
		188FF0D920923F52007F521C /* StoreViewController.xib in Resources */ = {isa = PBXBuildFile; fileRef = 188FF0D720923F52007F521C /* StoreViewController.xib */; };
		188FF0DC20923F6A007F521C /* MessageViewController.swift in Sources */ = {isa = PBXBuildFile; fileRef = 188FF0DA20923F6A007F521C /* MessageViewController.swift */; };
		188FF0DD20923F6A007F521C /* MessageViewController.xib in Resources */ = {isa = PBXBuildFile; fileRef = 188FF0DB20923F6A007F521C /* MessageViewController.xib */; };
		188FF0E020923F8A007F521C /* MineViewController.swift in Sources */ = {isa = PBXBuildFile; fileRef = 188FF0DE20923F8A007F521C /* MineViewController.swift */; };
		188FF0E120923F8A007F521C /* MineViewController.xib in Resources */ = {isa = PBXBuildFile; fileRef = 188FF0DF20923F8A007F521C /* MineViewController.xib */; };
		188FF0E52094170A007F521C /* LogInViewController.swift in Sources */ = {isa = PBXBuildFile; fileRef = 188FF0E32094170A007F521C /* LogInViewController.swift */; };
		188FF0E62094170A007F521C /* LogInViewController.xib in Resources */ = {isa = PBXBuildFile; fileRef = 188FF0E42094170A007F521C /* LogInViewController.xib */; };
		188FF0E920984BC4007F521C /* MarketTableViewCell.swift in Sources */ = {isa = PBXBuildFile; fileRef = 188FF0E720984BC4007F521C /* MarketTableViewCell.swift */; };
		188FF0EA20984BC4007F521C /* MarketTableViewCell.xib in Resources */ = {isa = PBXBuildFile; fileRef = 188FF0E820984BC4007F521C /* MarketTableViewCell.xib */; };
		1894DB4D20AB3D2E000F4CBF /* book.swift in Sources */ = {isa = PBXBuildFile; fileRef = 1894DB4C20AB3D2E000F4CBF /* book.swift */; };
		1894DB4F20AB763A000F4CBF /* user.swift in Sources */ = {isa = PBXBuildFile; fileRef = 1894DB4E20AB763A000F4CBF /* user.swift */; };
		1894DB5220AC1DE0000F4CBF /* bookWithPromulgator.swift in Sources */ = {isa = PBXBuildFile; fileRef = 1894DB5120AC1DE0000F4CBF /* bookWithPromulgator.swift */; };
		1894DB5620AC3AE8000F4CBF /* bookDetialViewController.swift in Sources */ = {isa = PBXBuildFile; fileRef = 1894DB5420AC3AE8000F4CBF /* bookDetialViewController.swift */; };
		1894DB5720AC3AE8000F4CBF /* bookDetialViewController.xib in Resources */ = {isa = PBXBuildFile; fileRef = 1894DB5520AC3AE8000F4CBF /* bookDetialViewController.xib */; };
		18ADA45A20AE109E00D261D4 /* SwiftNotice.swift in Sources */ = {isa = PBXBuildFile; fileRef = 18ADA45920AE109E00D261D4 /* SwiftNotice.swift */; };
		18D270BC20A21B1200CA0092 /* Assets.xcassets in Resources */ = {isa = PBXBuildFile; fileRef = 18D270BB20A21B1200CA0092 /* Assets.xcassets */; };
		18E42F8D20A77F3400AB9D48 /* RegisterViewController.swift in Sources */ = {isa = PBXBuildFile; fileRef = 18E42F8B20A77F3400AB9D48 /* RegisterViewController.swift */; };
		18E42F8E20A77F3400AB9D48 /* RegisterViewController.xib in Resources */ = {isa = PBXBuildFile; fileRef = 18E42F8C20A77F3400AB9D48 /* RegisterViewController.xib */; };
		C9D0BBEA0F50540F45D0DBBB /* Pods_BookTrading.framework in Frameworks */ = {isa = PBXBuildFile; fileRef = 8450298BE1D727FB8B720819 /* Pods_BookTrading.framework */; };
/* End PBXBuildFile section */

/* Begin PBXContainerItemProxy section */
		187A22ED20833BAD00091047 /* PBXContainerItemProxy */ = {
			isa = PBXContainerItemProxy;
			containerPortal = 187A22D020833BAB00091047 /* Project object */;
			proxyType = 1;
			remoteGlobalIDString = 187A22D720833BAB00091047;
			remoteInfo = BookTrading;
		};
		187A22F820833BAD00091047 /* PBXContainerItemProxy */ = {
			isa = PBXContainerItemProxy;
			containerPortal = 187A22D020833BAB00091047 /* Project object */;
			proxyType = 1;
			remoteGlobalIDString = 187A22D720833BAB00091047;
			remoteInfo = BookTrading;
		};
/* End PBXContainerItemProxy section */

/* Begin PBXFileReference section */
		18012AC020A9E2FD00F37B41 /* AFNetTools.swift */ = {isa = PBXFileReference; lastKnownFileType = sourcecode.swift; path = AFNetTools.swift; sourceTree = "<group>"; };
		187A22D820833BAB00091047 /* BookTrading.app */ = {isa = PBXFileReference; explicitFileType = wrapper.application; includeInIndex = 0; path = BookTrading.app; sourceTree = BUILT_PRODUCTS_DIR; };
		187A22DB20833BAB00091047 /* AppDelegate.swift */ = {isa = PBXFileReference; lastKnownFileType = sourcecode.swift; path = AppDelegate.swift; sourceTree = "<group>"; };
		187A22DD20833BAB00091047 /* ViewController.swift */ = {isa = PBXFileReference; lastKnownFileType = sourcecode.swift; path = ViewController.swift; sourceTree = "<group>"; };
		187A22E020833BAB00091047 /* Base */ = {isa = PBXFileReference; lastKnownFileType = file.storyboard; name = Base; path = Base.lproj/Main.storyboard; sourceTree = "<group>"; };
		187A22E520833BAC00091047 /* Base */ = {isa = PBXFileReference; lastKnownFileType = file.storyboard; name = Base; path = Base.lproj/LaunchScreen.storyboard; sourceTree = "<group>"; };
		187A22E720833BAC00091047 /* Info.plist */ = {isa = PBXFileReference; lastKnownFileType = text.plist.xml; path = Info.plist; sourceTree = "<group>"; };
		187A22EC20833BAD00091047 /* BookTradingTests.xctest */ = {isa = PBXFileReference; explicitFileType = wrapper.cfbundle; includeInIndex = 0; path = BookTradingTests.xctest; sourceTree = BUILT_PRODUCTS_DIR; };
		187A22F020833BAD00091047 /* BookTradingTests.swift */ = {isa = PBXFileReference; lastKnownFileType = sourcecode.swift; path = BookTradingTests.swift; sourceTree = "<group>"; };
		187A22F220833BAD00091047 /* Info.plist */ = {isa = PBXFileReference; lastKnownFileType = text.plist.xml; path = Info.plist; sourceTree = "<group>"; };
		187A22F720833BAD00091047 /* BookTradingUITests.xctest */ = {isa = PBXFileReference; explicitFileType = wrapper.cfbundle; includeInIndex = 0; path = BookTradingUITests.xctest; sourceTree = BUILT_PRODUCTS_DIR; };
		187A22FB20833BAD00091047 /* BookTradingUITests.swift */ = {isa = PBXFileReference; lastKnownFileType = sourcecode.swift; path = BookTradingUITests.swift; sourceTree = "<group>"; };
		187A22FD20833BAD00091047 /* Info.plist */ = {isa = PBXFileReference; lastKnownFileType = text.plist.xml; path = Info.plist; sourceTree = "<group>"; };
		18820B5220AFF5D800038BFF /* baseUserClass.swift */ = {isa = PBXFileReference; lastKnownFileType = sourcecode.swift; path = baseUserClass.swift; sourceTree = "<group>"; };
		188FF0BE20908368007F521C /* TabBarViewController.swift */ = {isa = PBXFileReference; lastKnownFileType = sourcecode.swift; path = TabBarViewController.swift; sourceTree = "<group>"; };
		188FF0D22091D102007F521C /* MarketViewController.swift */ = {isa = PBXFileReference; lastKnownFileType = sourcecode.swift; path = MarketViewController.swift; sourceTree = "<group>"; };
		188FF0D32091D102007F521C /* MarketViewController.xib */ = {isa = PBXFileReference; lastKnownFileType = file.xib; path = MarketViewController.xib; sourceTree = "<group>"; };
		188FF0D620923F52007F521C /* StoreViewController.swift */ = {isa = PBXFileReference; lastKnownFileType = sourcecode.swift; path = StoreViewController.swift; sourceTree = "<group>"; };
		188FF0D720923F52007F521C /* StoreViewController.xib */ = {isa = PBXFileReference; lastKnownFileType = file.xib; path = StoreViewController.xib; sourceTree = "<group>"; };
		188FF0DA20923F6A007F521C /* MessageViewController.swift */ = {isa = PBXFileReference; lastKnownFileType = sourcecode.swift; path = MessageViewController.swift; sourceTree = "<group>"; };
		188FF0DB20923F6A007F521C /* MessageViewController.xib */ = {isa = PBXFileReference; lastKnownFileType = file.xib; path = MessageViewController.xib; sourceTree = "<group>"; };
		188FF0DE20923F8A007F521C /* MineViewController.swift */ = {isa = PBXFileReference; lastKnownFileType = sourcecode.swift; path = MineViewController.swift; sourceTree = "<group>"; };
		188FF0DF20923F8A007F521C /* MineViewController.xib */ = {isa = PBXFileReference; lastKnownFileType = file.xib; path = MineViewController.xib; sourceTree = "<group>"; };
		188FF0E32094170A007F521C /* LogInViewController.swift */ = {isa = PBXFileReference; lastKnownFileType = sourcecode.swift; path = LogInViewController.swift; sourceTree = "<group>"; };
		188FF0E42094170A007F521C /* LogInViewController.xib */ = {isa = PBXFileReference; lastKnownFileType = file.xib; path = LogInViewController.xib; sourceTree = "<group>"; };
		188FF0E720984BC4007F521C /* MarketTableViewCell.swift */ = {isa = PBXFileReference; lastKnownFileType = sourcecode.swift; path = MarketTableViewCell.swift; sourceTree = "<group>"; };
		188FF0E820984BC4007F521C /* MarketTableViewCell.xib */ = {isa = PBXFileReference; lastKnownFileType = file.xib; path = MarketTableViewCell.xib; sourceTree = "<group>"; };
		1894DB4C20AB3D2E000F4CBF /* book.swift */ = {isa = PBXFileReference; lastKnownFileType = sourcecode.swift; path = book.swift; sourceTree = "<group>"; };
		1894DB4E20AB763A000F4CBF /* user.swift */ = {isa = PBXFileReference; lastKnownFileType = sourcecode.swift; path = user.swift; sourceTree = "<group>"; };
		1894DB5120AC1DE0000F4CBF /* bookWithPromulgator.swift */ = {isa = PBXFileReference; lastKnownFileType = sourcecode.swift; path = bookWithPromulgator.swift; sourceTree = "<group>"; };
		1894DB5420AC3AE8000F4CBF /* bookDetialViewController.swift */ = {isa = PBXFileReference; lastKnownFileType = sourcecode.swift; path = bookDetialViewController.swift; sourceTree = "<group>"; };
		1894DB5520AC3AE8000F4CBF /* bookDetialViewController.xib */ = {isa = PBXFileReference; lastKnownFileType = file.xib; path = bookDetialViewController.xib; sourceTree = "<group>"; };
		18ADA45520AE090600D261D4 /* BookTrading-Bridging-Header.h */ = {isa = PBXFileReference; lastKnownFileType = sourcecode.c.h; path = "BookTrading-Bridging-Header.h"; sourceTree = "<group>"; };
		18ADA45920AE109E00D261D4 /* SwiftNotice.swift */ = {isa = PBXFileReference; fileEncoding = 4; lastKnownFileType = sourcecode.swift; path = SwiftNotice.swift; sourceTree = "<group>"; };
		18D270BB20A21B1200CA0092 /* Assets.xcassets */ = {isa = PBXFileReference; lastKnownFileType = folder.assetcatalog; path = Assets.xcassets; sourceTree = "<group>"; };
		18E42F8B20A77F3400AB9D48 /* RegisterViewController.swift */ = {isa = PBXFileReference; lastKnownFileType = sourcecode.swift; path = RegisterViewController.swift; sourceTree = "<group>"; };
		18E42F8C20A77F3400AB9D48 /* RegisterViewController.xib */ = {isa = PBXFileReference; lastKnownFileType = file.xib; path = RegisterViewController.xib; sourceTree = "<group>"; };
		8450298BE1D727FB8B720819 /* Pods_BookTrading.framework */ = {isa = PBXFileReference; explicitFileType = wrapper.framework; includeInIndex = 0; path = Pods_BookTrading.framework; sourceTree = BUILT_PRODUCTS_DIR; };
		B343C9E6BC2FB686F8E7E78C /* Pods-BookTrading.release.xcconfig */ = {isa = PBXFileReference; includeInIndex = 1; lastKnownFileType = text.xcconfig; name = "Pods-BookTrading.release.xcconfig"; path = "Pods/Target Support Files/Pods-BookTrading/Pods-BookTrading.release.xcconfig"; sourceTree = "<group>"; };
		E53343041414983595AA5D02 /* Pods-BookTrading.debug.xcconfig */ = {isa = PBXFileReference; includeInIndex = 1; lastKnownFileType = text.xcconfig; name = "Pods-BookTrading.debug.xcconfig"; path = "Pods/Target Support Files/Pods-BookTrading/Pods-BookTrading.debug.xcconfig"; sourceTree = "<group>"; };
/* End PBXFileReference section */

/* Begin PBXFrameworksBuildPhase section */
		187A22D520833BAB00091047 /* Frameworks */ = {
			isa = PBXFrameworksBuildPhase;
			buildActionMask = 2147483647;
			files = (
				C9D0BBEA0F50540F45D0DBBB /* Pods_BookTrading.framework in Frameworks */,
			);
			runOnlyForDeploymentPostprocessing = 0;
		};
		187A22E920833BAD00091047 /* Frameworks */ = {
			isa = PBXFrameworksBuildPhase;
			buildActionMask = 2147483647;
			files = (
			);
			runOnlyForDeploymentPostprocessing = 0;
		};
		187A22F420833BAD00091047 /* Frameworks */ = {
			isa = PBXFrameworksBuildPhase;
			buildActionMask = 2147483647;
			files = (
			);
			runOnlyForDeploymentPostprocessing = 0;
		};
/* End PBXFrameworksBuildPhase section */

/* Begin PBXGroup section */
		11E9F64FADFCBE3805DA98AA /* Frameworks */ = {
			isa = PBXGroup;
			children = (
				8450298BE1D727FB8B720819 /* Pods_BookTrading.framework */,
			);
			name = Frameworks;
			sourceTree = "<group>";
		};
		187A22CF20833BAB00091047 = {
			isa = PBXGroup;
			children = (
				187A22DA20833BAB00091047 /* BookTrading */,
				187A22EF20833BAD00091047 /* BookTradingTests */,
				187A22FA20833BAD00091047 /* BookTradingUITests */,
				187A22D920833BAB00091047 /* Products */,
				A3B2DB5313BCB7EE8AB748B0 /* Pods */,
				11E9F64FADFCBE3805DA98AA /* Frameworks */,
			);
			sourceTree = "<group>";
		};
		187A22D920833BAB00091047 /* Products */ = {
			isa = PBXGroup;
			children = (
				187A22D820833BAB00091047 /* BookTrading.app */,
				187A22EC20833BAD00091047 /* BookTradingTests.xctest */,
				187A22F720833BAD00091047 /* BookTradingUITests.xctest */,
			);
			name = Products;
			sourceTree = "<group>";
		};
		187A22DA20833BAB00091047 /* BookTrading */ = {
			isa = PBXGroup;
			children = (
				187A22E720833BAC00091047 /* Info.plist */,
				187A22DB20833BAB00091047 /* AppDelegate.swift */,
				187A22DD20833BAB00091047 /* ViewController.swift */,
				18012AC020A9E2FD00F37B41 /* AFNetTools.swift */,
				18ADA45920AE109E00D261D4 /* SwiftNotice.swift */,
				18ADA45520AE090600D261D4 /* BookTrading-Bridging-Header.h */,
				188FF0CD20908787007F521C /* info */,
				1894DB5020AB7642000F4CBF /* module */,
				188FF0E2209416C8007F521C /* login */,
				18E42F8A20A77EAB00AB9D48 /* register */,
				188FF0CC20908769007F521C /* TabBar */,
				188FF0C020908657007F521C /* market */,
				188FF0C120908664007F521C /* store */,
				188FF0C220908676007F521C /* message */,
				188FF0C3209086B0007F521C /* mine */,
				1894DB5320AC3AC4000F4CBF /* bookDetail */,
			);
			path = BookTrading;
			sourceTree = "<group>";
		};
		187A22EF20833BAD00091047 /* BookTradingTests */ = {
			isa = PBXGroup;
			children = (
				187A22F020833BAD00091047 /* BookTradingTests.swift */,
				187A22F220833BAD00091047 /* Info.plist */,
			);
			path = BookTradingTests;
			sourceTree = "<group>";
		};
		187A22FA20833BAD00091047 /* BookTradingUITests */ = {
			isa = PBXGroup;
			children = (
				187A22FB20833BAD00091047 /* BookTradingUITests.swift */,
				187A22FD20833BAD00091047 /* Info.plist */,
			);
			path = BookTradingUITests;
			sourceTree = "<group>";
		};
		188FF0C020908657007F521C /* market */ = {
			isa = PBXGroup;
			children = (
				188FF0D22091D102007F521C /* MarketViewController.swift */,
				188FF0D32091D102007F521C /* MarketViewController.xib */,
				188FF0E720984BC4007F521C /* MarketTableViewCell.swift */,
				188FF0E820984BC4007F521C /* MarketTableViewCell.xib */,
			);
			path = market;
			sourceTree = "<group>";
		};
		188FF0C120908664007F521C /* store */ = {
			isa = PBXGroup;
			children = (
				188FF0D620923F52007F521C /* StoreViewController.swift */,
				188FF0D720923F52007F521C /* StoreViewController.xib */,
			);
			path = store;
			sourceTree = "<group>";
		};
		188FF0C220908676007F521C /* message */ = {
			isa = PBXGroup;
			children = (
				188FF0DA20923F6A007F521C /* MessageViewController.swift */,
				188FF0DB20923F6A007F521C /* MessageViewController.xib */,
			);
			path = message;
			sourceTree = "<group>";
		};
		188FF0C3209086B0007F521C /* mine */ = {
			isa = PBXGroup;
			children = (
				188FF0DE20923F8A007F521C /* MineViewController.swift */,
				188FF0DF20923F8A007F521C /* MineViewController.xib */,
			);
			path = mine;
			sourceTree = "<group>";
		};
		188FF0CC20908769007F521C /* TabBar */ = {
			isa = PBXGroup;
			children = (
				188FF0BE20908368007F521C /* TabBarViewController.swift */,
			);
			path = TabBar;
			sourceTree = "<group>";
		};
		188FF0CD20908787007F521C /* info */ = {
			isa = PBXGroup;
			children = (
				18D270BB20A21B1200CA0092 /* Assets.xcassets */,
				187A22DF20833BAB00091047 /* Main.storyboard */,
				187A22E420833BAC00091047 /* LaunchScreen.storyboard */,
			);
			path = info;
			sourceTree = "<group>";
		};
		188FF0E2209416C8007F521C /* login */ = {
			isa = PBXGroup;
			children = (
				188FF0E32094170A007F521C /* LogInViewController.swift */,
				188FF0E42094170A007F521C /* LogInViewController.xib */,
			);
			path = login;
			sourceTree = "<group>";
		};
		1894DB5020AB7642000F4CBF /* module */ = {
			isa = PBXGroup;
			children = (
				1894DB4C20AB3D2E000F4CBF /* book.swift */,
				1894DB4E20AB763A000F4CBF /* user.swift */,
				1894DB5120AC1DE0000F4CBF /* bookWithPromulgator.swift */,
				18820B5220AFF5D800038BFF /* baseUserClass.swift */,
			);
			path = module;
			sourceTree = "<group>";
		};
		1894DB5320AC3AC4000F4CBF /* bookDetail */ = {
			isa = PBXGroup;
			children = (
				1894DB5420AC3AE8000F4CBF /* bookDetialViewController.swift */,
				1894DB5520AC3AE8000F4CBF /* bookDetialViewController.xib */,
			);
			path = bookDetail;
			sourceTree = "<group>";
		};
		18E42F8A20A77EAB00AB9D48 /* register */ = {
			isa = PBXGroup;
			children = (
				18E42F8B20A77F3400AB9D48 /* RegisterViewController.swift */,
				18E42F8C20A77F3400AB9D48 /* RegisterViewController.xib */,
			);
			path = register;
			sourceTree = "<group>";
		};
		A3B2DB5313BCB7EE8AB748B0 /* Pods */ = {
			isa = PBXGroup;
			children = (
				E53343041414983595AA5D02 /* Pods-BookTrading.debug.xcconfig */,
				B343C9E6BC2FB686F8E7E78C /* Pods-BookTrading.release.xcconfig */,
			);
			name = Pods;
			sourceTree = "<group>";
		};
/* End PBXGroup section */

/* Begin PBXNativeTarget section */
		187A22D720833BAB00091047 /* BookTrading */ = {
			isa = PBXNativeTarget;
			buildConfigurationList = 187A230020833BAD00091047 /* Build configuration list for PBXNativeTarget "BookTrading" */;
			buildPhases = (
				E7118642327286BD2C3186CF /* [CP] Check Pods Manifest.lock */,
				187A22D420833BAB00091047 /* Sources */,
				187A22D520833BAB00091047 /* Frameworks */,
				187A22D620833BAB00091047 /* Resources */,
				C82A5B70A7CCD89AFE589B0C /* [CP] Embed Pods Frameworks */,
			);
			buildRules = (
			);
			dependencies = (
			);
			name = BookTrading;
			productName = BookTrading;
			productReference = 187A22D820833BAB00091047 /* BookTrading.app */;
			productType = "com.apple.product-type.application";
		};
		187A22EB20833BAD00091047 /* BookTradingTests */ = {
			isa = PBXNativeTarget;
			buildConfigurationList = 187A230320833BAD00091047 /* Build configuration list for PBXNativeTarget "BookTradingTests" */;
			buildPhases = (
				187A22E820833BAD00091047 /* Sources */,
				187A22E920833BAD00091047 /* Frameworks */,
				187A22EA20833BAD00091047 /* Resources */,
			);
			buildRules = (
			);
			dependencies = (
				187A22EE20833BAD00091047 /* PBXTargetDependency */,
			);
			name = BookTradingTests;
			productName = BookTradingTests;
			productReference = 187A22EC20833BAD00091047 /* BookTradingTests.xctest */;
			productType = "com.apple.product-type.bundle.unit-test";
		};
		187A22F620833BAD00091047 /* BookTradingUITests */ = {
			isa = PBXNativeTarget;
			buildConfigurationList = 187A230620833BAD00091047 /* Build configuration list for PBXNativeTarget "BookTradingUITests" */;
			buildPhases = (
				187A22F320833BAD00091047 /* Sources */,
				187A22F420833BAD00091047 /* Frameworks */,
				187A22F520833BAD00091047 /* Resources */,
			);
			buildRules = (
			);
			dependencies = (
				187A22F920833BAD00091047 /* PBXTargetDependency */,
			);
			name = BookTradingUITests;
			productName = BookTradingUITests;
			productReference = 187A22F720833BAD00091047 /* BookTradingUITests.xctest */;
			productType = "com.apple.product-type.bundle.ui-testing";
		};
/* End PBXNativeTarget section */

/* Begin PBXProject section */
		187A22D020833BAB00091047 /* Project object */ = {
			isa = PBXProject;
			attributes = {
				LastSwiftUpdateCheck = 0930;
				LastUpgradeCheck = 0930;
				ORGANIZATIONNAME = Liberate;
				TargetAttributes = {
					187A22D720833BAB00091047 = {
						CreatedOnToolsVersion = 9.3;
						LastSwiftMigration = 0930;
					};
					187A22EB20833BAD00091047 = {
						CreatedOnToolsVersion = 9.3;
						TestTargetID = 187A22D720833BAB00091047;
					};
					187A22F620833BAD00091047 = {
						CreatedOnToolsVersion = 9.3;
						TestTargetID = 187A22D720833BAB00091047;
					};
				};
			};
			buildConfigurationList = 187A22D320833BAB00091047 /* Build configuration list for PBXProject "BookTrading" */;
			compatibilityVersion = "Xcode 9.3";
			developmentRegion = en;
			hasScannedForEncodings = 0;
			knownRegions = (
				en,
				Base,
			);
			mainGroup = 187A22CF20833BAB00091047;
			productRefGroup = 187A22D920833BAB00091047 /* Products */;
			projectDirPath = "";
			projectRoot = "";
			targets = (
				187A22D720833BAB00091047 /* BookTrading */,
				187A22EB20833BAD00091047 /* BookTradingTests */,
				187A22F620833BAD00091047 /* BookTradingUITests */,
			);
		};
/* End PBXProject section */

/* Begin PBXResourcesBuildPhase section */
		187A22D620833BAB00091047 /* Resources */ = {
			isa = PBXResourcesBuildPhase;
			buildActionMask = 2147483647;
			files = (
				188FF0EA20984BC4007F521C /* MarketTableViewCell.xib in Resources */,
				18E42F8E20A77F3400AB9D48 /* RegisterViewController.xib in Resources */,
				1894DB5720AC3AE8000F4CBF /* bookDetialViewController.xib in Resources */,
				188FF0E62094170A007F521C /* LogInViewController.xib in Resources */,
				188FF0D52091D102007F521C /* MarketViewController.xib in Resources */,
				188FF0E120923F8A007F521C /* MineViewController.xib in Resources */,
				187A22E620833BAC00091047 /* LaunchScreen.storyboard in Resources */,
				188FF0D920923F52007F521C /* StoreViewController.xib in Resources */,
				187A22E120833BAB00091047 /* Main.storyboard in Resources */,
				18D270BC20A21B1200CA0092 /* Assets.xcassets in Resources */,
				188FF0DD20923F6A007F521C /* MessageViewController.xib in Resources */,
			);
			runOnlyForDeploymentPostprocessing = 0;
		};
		187A22EA20833BAD00091047 /* Resources */ = {
			isa = PBXResourcesBuildPhase;
			buildActionMask = 2147483647;
			files = (
			);
			runOnlyForDeploymentPostprocessing = 0;
		};
		187A22F520833BAD00091047 /* Resources */ = {
			isa = PBXResourcesBuildPhase;
			buildActionMask = 2147483647;
			files = (
			);
			runOnlyForDeploymentPostprocessing = 0;
		};
/* End PBXResourcesBuildPhase section */

/* Begin PBXShellScriptBuildPhase section */
		C82A5B70A7CCD89AFE589B0C /* [CP] Embed Pods Frameworks */ = {
			isa = PBXShellScriptBuildPhase;
			buildActionMask = 2147483647;
			files = (
			);
			inputPaths = (
				"${SRCROOT}/Pods/Target Support Files/Pods-BookTrading/Pods-BookTrading-frameworks.sh",
				"${BUILT_PRODUCTS_DIR}/AFNetworking/AFNetworking.framework",
				"${BUILT_PRODUCTS_DIR}/Alamofire/Alamofire.framework",
				"${BUILT_PRODUCTS_DIR}/SwiftyJSON/SwiftyJSON.framework",
			);
			name = "[CP] Embed Pods Frameworks";
			outputPaths = (
				"${TARGET_BUILD_DIR}/${FRAMEWORKS_FOLDER_PATH}/AFNetworking.framework",
				"${TARGET_BUILD_DIR}/${FRAMEWORKS_FOLDER_PATH}/Alamofire.framework",
				"${TARGET_BUILD_DIR}/${FRAMEWORKS_FOLDER_PATH}/SwiftyJSON.framework",
			);
			runOnlyForDeploymentPostprocessing = 0;
			shellPath = /bin/sh;
			shellScript = "\"${SRCROOT}/Pods/Target Support Files/Pods-BookTrading/Pods-BookTrading-frameworks.sh\"\n";
			showEnvVarsInLog = 0;
		};
		E7118642327286BD2C3186CF /* [CP] Check Pods Manifest.lock */ = {
			isa = PBXShellScriptBuildPhase;
			buildActionMask = 2147483647;
			files = (
			);
			inputPaths = (
				"${PODS_PODFILE_DIR_PATH}/Podfile.lock",
				"${PODS_ROOT}/Manifest.lock",
			);
			name = "[CP] Check Pods Manifest.lock";
			outputPaths = (
				"$(DERIVED_FILE_DIR)/Pods-BookTrading-checkManifestLockResult.txt",
			);
			runOnlyForDeploymentPostprocessing = 0;
			shellPath = /bin/sh;
			shellScript = "diff \"${PODS_PODFILE_DIR_PATH}/Podfile.lock\" \"${PODS_ROOT}/Manifest.lock\" > /dev/null\nif [ $? != 0 ] ; then\n    # print error to STDERR\n    echo \"error: The sandbox is not in sync with the Podfile.lock. Run 'pod install' or update your CocoaPods installation.\" >&2\n    exit 1\nfi\n# This output is used by Xcode 'outputs' to avoid re-running this script phase.\necho \"SUCCESS\" > \"${SCRIPT_OUTPUT_FILE_0}\"\n";
			showEnvVarsInLog = 0;
		};
/* End PBXShellScriptBuildPhase section */

/* Begin PBXSourcesBuildPhase section */
		187A22D420833BAB00091047 /* Sources */ = {
			isa = PBXSourcesBuildPhase;
			buildActionMask = 2147483647;
			files = (
				1894DB4F20AB763A000F4CBF /* user.swift in Sources */,
				187A22DE20833BAB00091047 /* ViewController.swift in Sources */,
				18E42F8D20A77F3400AB9D48 /* RegisterViewController.swift in Sources */,
				188FF0DC20923F6A007F521C /* MessageViewController.swift in Sources */,
				188FF0BF20908368007F521C /* TabBarViewController.swift in Sources */,
				188FF0E020923F8A007F521C /* MineViewController.swift in Sources */,
				188FF0E52094170A007F521C /* LogInViewController.swift in Sources */,
				187A22DC20833BAB00091047 /* AppDelegate.swift in Sources */,
				18012AC120A9E2FD00F37B41 /* AFNetTools.swift in Sources */,
				18820B5320AFF5D800038BFF /* baseUserClass.swift in Sources */,
				1894DB4D20AB3D2E000F4CBF /* book.swift in Sources */,
				1894DB5620AC3AE8000F4CBF /* bookDetialViewController.swift in Sources */,
				188FF0D42091D102007F521C /* MarketViewController.swift in Sources */,
				1894DB5220AC1DE0000F4CBF /* bookWithPromulgator.swift in Sources */,
				188FF0D820923F52007F521C /* StoreViewController.swift in Sources */,
				18ADA45A20AE109E00D261D4 /* SwiftNotice.swift in Sources */,
				188FF0E920984BC4007F521C /* MarketTableViewCell.swift in Sources */,
			);
			runOnlyForDeploymentPostprocessing = 0;
		};
		187A22E820833BAD00091047 /* Sources */ = {
			isa = PBXSourcesBuildPhase;
			buildActionMask = 2147483647;
			files = (
				187A22F120833BAD00091047 /* BookTradingTests.swift in Sources */,
			);
			runOnlyForDeploymentPostprocessing = 0;
		};
		187A22F320833BAD00091047 /* Sources */ = {
			isa = PBXSourcesBuildPhase;
			buildActionMask = 2147483647;
			files = (
				187A22FC20833BAD00091047 /* BookTradingUITests.swift in Sources */,
			);
			runOnlyForDeploymentPostprocessing = 0;
		};
/* End PBXSourcesBuildPhase section */

/* Begin PBXTargetDependency section */
		187A22EE20833BAD00091047 /* PBXTargetDependency */ = {
			isa = PBXTargetDependency;
			target = 187A22D720833BAB00091047 /* BookTrading */;
			targetProxy = 187A22ED20833BAD00091047 /* PBXContainerItemProxy */;
		};
		187A22F920833BAD00091047 /* PBXTargetDependency */ = {
			isa = PBXTargetDependency;
			target = 187A22D720833BAB00091047 /* BookTrading */;
			targetProxy = 187A22F820833BAD00091047 /* PBXContainerItemProxy */;
		};
/* End PBXTargetDependency section */

/* Begin PBXVariantGroup section */
		187A22DF20833BAB00091047 /* Main.storyboard */ = {
			isa = PBXVariantGroup;
			children = (
				187A22E020833BAB00091047 /* Base */,
			);
			name = Main.storyboard;
			sourceTree = "<group>";
		};
		187A22E420833BAC00091047 /* LaunchScreen.storyboard */ = {
			isa = PBXVariantGroup;
			children = (
				187A22E520833BAC00091047 /* Base */,
			);
			name = LaunchScreen.storyboard;
			sourceTree = "<group>";
		};
/* End PBXVariantGroup section */

/* Begin XCBuildConfiguration section */
		187A22FE20833BAD00091047 /* Debug */ = {
			isa = XCBuildConfiguration;
			buildSettings = {
				ALWAYS_SEARCH_USER_PATHS = NO;
				CLANG_ANALYZER_NONNULL = YES;
				CLANG_ANALYZER_NUMBER_OBJECT_CONVERSION = YES_AGGRESSIVE;
				CLANG_CXX_LANGUAGE_STANDARD = "gnu++14";
				CLANG_CXX_LIBRARY = "libc++";
				CLANG_ENABLE_MODULES = YES;
				CLANG_ENABLE_OBJC_ARC = YES;
				CLANG_ENABLE_OBJC_WEAK = YES;
				CLANG_WARN_BLOCK_CAPTURE_AUTORELEASING = YES;
				CLANG_WARN_BOOL_CONVERSION = YES;
				CLANG_WARN_COMMA = YES;
				CLANG_WARN_CONSTANT_CONVERSION = YES;
				CLANG_WARN_DEPRECATED_OBJC_IMPLEMENTATIONS = YES;
				CLANG_WARN_DIRECT_OBJC_ISA_USAGE = YES_ERROR;
				CLANG_WARN_DOCUMENTATION_COMMENTS = YES;
				CLANG_WARN_EMPTY_BODY = YES;
				CLANG_WARN_ENUM_CONVERSION = YES;
				CLANG_WARN_INFINITE_RECURSION = YES;
				CLANG_WARN_INT_CONVERSION = YES;
				CLANG_WARN_NON_LITERAL_NULL_CONVERSION = YES;
				CLANG_WARN_OBJC_IMPLICIT_RETAIN_SELF = YES;
				CLANG_WARN_OBJC_LITERAL_CONVERSION = YES;
				CLANG_WARN_OBJC_ROOT_CLASS = YES_ERROR;
				CLANG_WARN_RANGE_LOOP_ANALYSIS = YES;
				CLANG_WARN_STRICT_PROTOTYPES = YES;
				CLANG_WARN_SUSPICIOUS_MOVE = YES;
				CLANG_WARN_UNGUARDED_AVAILABILITY = YES_AGGRESSIVE;
				CLANG_WARN_UNREACHABLE_CODE = YES;
				CLANG_WARN__DUPLICATE_METHOD_MATCH = YES;
				CODE_SIGN_IDENTITY = "iPhone Developer";
				COPY_PHASE_STRIP = NO;
				DEBUG_INFORMATION_FORMAT = dwarf;
				ENABLE_STRICT_OBJC_MSGSEND = YES;
				ENABLE_TESTABILITY = YES;
				GCC_C_LANGUAGE_STANDARD = gnu11;
				GCC_DYNAMIC_NO_PIC = NO;
				GCC_NO_COMMON_BLOCKS = YES;
				GCC_OPTIMIZATION_LEVEL = 0;
				GCC_PREPROCESSOR_DEFINITIONS = (
					"DEBUG=1",
					"$(inherited)",
				);
				GCC_WARN_64_TO_32_BIT_CONVERSION = YES;
				GCC_WARN_ABOUT_RETURN_TYPE = YES_ERROR;
				GCC_WARN_UNDECLARED_SELECTOR = YES;
				GCC_WARN_UNINITIALIZED_AUTOS = YES_AGGRESSIVE;
				GCC_WARN_UNUSED_FUNCTION = YES;
				GCC_WARN_UNUSED_VARIABLE = YES;
				IPHONEOS_DEPLOYMENT_TARGET = 11.3;
				MTL_ENABLE_DEBUG_INFO = YES;
				ONLY_ACTIVE_ARCH = YES;
				SDKROOT = iphoneos;
				SWIFT_ACTIVE_COMPILATION_CONDITIONS = DEBUG;
				SWIFT_OPTIMIZATION_LEVEL = "-Onone";
			};
			name = Debug;
		};
		187A22FF20833BAD00091047 /* Release */ = {
			isa = XCBuildConfiguration;
			buildSettings = {
				ALWAYS_SEARCH_USER_PATHS = NO;
				CLANG_ANALYZER_NONNULL = YES;
				CLANG_ANALYZER_NUMBER_OBJECT_CONVERSION = YES_AGGRESSIVE;
				CLANG_CXX_LANGUAGE_STANDARD = "gnu++14";
				CLANG_CXX_LIBRARY = "libc++";
				CLANG_ENABLE_MODULES = YES;
				CLANG_ENABLE_OBJC_ARC = YES;
				CLANG_ENABLE_OBJC_WEAK = YES;
				CLANG_WARN_BLOCK_CAPTURE_AUTORELEASING = YES;
				CLANG_WARN_BOOL_CONVERSION = YES;
				CLANG_WARN_COMMA = YES;
				CLANG_WARN_CONSTANT_CONVERSION = YES;
				CLANG_WARN_DEPRECATED_OBJC_IMPLEMENTATIONS = YES;
				CLANG_WARN_DIRECT_OBJC_ISA_USAGE = YES_ERROR;
				CLANG_WARN_DOCUMENTATION_COMMENTS = YES;
				CLANG_WARN_EMPTY_BODY = YES;
				CLANG_WARN_ENUM_CONVERSION = YES;
				CLANG_WARN_INFINITE_RECURSION = YES;
				CLANG_WARN_INT_CONVERSION = YES;
				CLANG_WARN_NON_LITERAL_NULL_CONVERSION = YES;
				CLANG_WARN_OBJC_IMPLICIT_RETAIN_SELF = YES;
				CLANG_WARN_OBJC_LITERAL_CONVERSION = YES;
				CLANG_WARN_OBJC_ROOT_CLASS = YES_ERROR;
				CLANG_WARN_RANGE_LOOP_ANALYSIS = YES;
				CLANG_WARN_STRICT_PROTOTYPES = YES;
				CLANG_WARN_SUSPICIOUS_MOVE = YES;
				CLANG_WARN_UNGUARDED_AVAILABILITY = YES_AGGRESSIVE;
				CLANG_WARN_UNREACHABLE_CODE = YES;
				CLANG_WARN__DUPLICATE_METHOD_MATCH = YES;
				CODE_SIGN_IDENTITY = "iPhone Developer";
				COPY_PHASE_STRIP = NO;
				DEBUG_INFORMATION_FORMAT = "dwarf-with-dsym";
				ENABLE_NS_ASSERTIONS = NO;
				ENABLE_STRICT_OBJC_MSGSEND = YES;
				GCC_C_LANGUAGE_STANDARD = gnu11;
				GCC_NO_COMMON_BLOCKS = YES;
				GCC_WARN_64_TO_32_BIT_CONVERSION = YES;
				GCC_WARN_ABOUT_RETURN_TYPE = YES_ERROR;
				GCC_WARN_UNDECLARED_SELECTOR = YES;
				GCC_WARN_UNINITIALIZED_AUTOS = YES_AGGRESSIVE;
				GCC_WARN_UNUSED_FUNCTION = YES;
				GCC_WARN_UNUSED_VARIABLE = YES;
				IPHONEOS_DEPLOYMENT_TARGET = 11.3;
				MTL_ENABLE_DEBUG_INFO = NO;
				SDKROOT = iphoneos;
				SWIFT_COMPILATION_MODE = wholemodule;
				SWIFT_OPTIMIZATION_LEVEL = "-O";
				VALIDATE_PRODUCT = YES;
			};
			name = Release;
		};
		187A230120833BAD00091047 /* Debug */ = {
			isa = XCBuildConfiguration;
			baseConfigurationReference = E53343041414983595AA5D02 /* Pods-BookTrading.debug.xcconfig */;
			buildSettings = {
				ASSETCATALOG_COMPILER_APPICON_NAME = AppIcon;
				CLANG_ENABLE_MODULES = YES;
				CODE_SIGN_STYLE = Automatic;
				DEVELOPMENT_TEAM = W9U78NXM94;
				INFOPLIST_FILE = BookTrading/Info.plist;
				LD_RUNPATH_SEARCH_PATHS = (
					"$(inherited)",
					"@executable_path/Frameworks",
				);
				PRODUCT_BUNDLE_IDENTIFIER = com.yourcompany.BookTrading;
				PRODUCT_NAME = "$(TARGET_NAME)";
				SWIFT_OBJC_BRIDGING_HEADER = "BookTrading/BookTrading-Bridging-Header.h";
				SWIFT_OPTIMIZATION_LEVEL = "-Onone";
				SWIFT_VERSION = 4.0;
				TARGETED_DEVICE_FAMILY = "1,2";
			};
			name = Debug;
		};
		187A230220833BAD00091047 /* Release */ = {
			isa = XCBuildConfiguration;
			baseConfigurationReference = B343C9E6BC2FB686F8E7E78C /* Pods-BookTrading.release.xcconfig */;
			buildSettings = {
				ASSETCATALOG_COMPILER_APPICON_NAME = AppIcon;
				CLANG_ENABLE_MODULES = YES;
				CODE_SIGN_STYLE = Automatic;
				DEVELOPMENT_TEAM = W9U78NXM94;
				INFOPLIST_FILE = BookTrading/Info.plist;
				LD_RUNPATH_SEARCH_PATHS = (
					"$(inherited)",
					"@executable_path/Frameworks",
				);
				PRODUCT_BUNDLE_IDENTIFIER = com.yourcompany.BookTrading;
				PRODUCT_NAME = "$(TARGET_NAME)";
				SWIFT_OBJC_BRIDGING_HEADER = "BookTrading/BookTrading-Bridging-Header.h";
				SWIFT_VERSION = 4.0;
				TARGETED_DEVICE_FAMILY = "1,2";
			};
			name = Release;
		};
		187A230420833BAD00091047 /* Debug */ = {
			isa = XCBuildConfiguration;
			buildSettings = {
				ALWAYS_EMBED_SWIFT_STANDARD_LIBRARIES = YES;
				BUNDLE_LOADER = "$(TEST_HOST)";
				CODE_SIGN_STYLE = Automatic;
				INFOPLIST_FILE = BookTradingTests/Info.plist;
				LD_RUNPATH_SEARCH_PATHS = (
					"$(inherited)",
					"@executable_path/Frameworks",
					"@loader_path/Frameworks",
				);
				PRODUCT_BUNDLE_IDENTIFIER = com.yourcompany.BookTradingTests;
				PRODUCT_NAME = "$(TARGET_NAME)";
				SWIFT_VERSION = 4.0;
				TARGETED_DEVICE_FAMILY = "1,2";
				TEST_HOST = "$(BUILT_PRODUCTS_DIR)/BookTrading.app/BookTrading";
			};
			name = Debug;
		};
		187A230520833BAD00091047 /* Release */ = {
			isa = XCBuildConfiguration;
			buildSettings = {
				ALWAYS_EMBED_SWIFT_STANDARD_LIBRARIES = YES;
				BUNDLE_LOADER = "$(TEST_HOST)";
				CODE_SIGN_STYLE = Automatic;
				INFOPLIST_FILE = BookTradingTests/Info.plist;
				LD_RUNPATH_SEARCH_PATHS = (
					"$(inherited)",
					"@executable_path/Frameworks",
					"@loader_path/Frameworks",
				);
				PRODUCT_BUNDLE_IDENTIFIER = com.yourcompany.BookTradingTests;
				PRODUCT_NAME = "$(TARGET_NAME)";
				SWIFT_VERSION = 4.0;
				TARGETED_DEVICE_FAMILY = "1,2";
				TEST_HOST = "$(BUILT_PRODUCTS_DIR)/BookTrading.app/BookTrading";
			};
			name = Release;
		};
		187A230720833BAD00091047 /* Debug */ = {
			isa = XCBuildConfiguration;
			buildSettings = {
				ALWAYS_EMBED_SWIFT_STANDARD_LIBRARIES = YES;
				CODE_SIGN_STYLE = Automatic;
				INFOPLIST_FILE = BookTradingUITests/Info.plist;
				LD_RUNPATH_SEARCH_PATHS = (
					"$(inherited)",
					"@executable_path/Frameworks",
					"@loader_path/Frameworks",
				);
				PRODUCT_BUNDLE_IDENTIFIER = com.yourcompany.BookTradingUITests;
				PRODUCT_NAME = "$(TARGET_NAME)";
				SWIFT_VERSION = 4.0;
				TARGETED_DEVICE_FAMILY = "1,2";
				TEST_TARGET_NAME = BookTrading;
			};
			name = Debug;
		};
		187A230820833BAD00091047 /* Release */ = {
			isa = XCBuildConfiguration;
			buildSettings = {
				ALWAYS_EMBED_SWIFT_STANDARD_LIBRARIES = YES;
				CODE_SIGN_STYLE = Automatic;
				INFOPLIST_FILE = BookTradingUITests/Info.plist;
				LD_RUNPATH_SEARCH_PATHS = (
					"$(inherited)",
					"@executable_path/Frameworks",
					"@loader_path/Frameworks",
				);
				PRODUCT_BUNDLE_IDENTIFIER = com.yourcompany.BookTradingUITests;
				PRODUCT_NAME = "$(TARGET_NAME)";
				SWIFT_VERSION = 4.0;
				TARGETED_DEVICE_FAMILY = "1,2";
				TEST_TARGET_NAME = BookTrading;
			};
			name = Release;
		};
/* End XCBuildConfiguration section */

/* Begin XCConfigurationList section */
		187A22D320833BAB00091047 /* Build configuration list for PBXProject "BookTrading" */ = {
			isa = XCConfigurationList;
			buildConfigurations = (
				187A22FE20833BAD00091047 /* Debug */,
				187A22FF20833BAD00091047 /* Release */,
			);
			defaultConfigurationIsVisible = 0;
			defaultConfigurationName = Release;
		};
		187A230020833BAD00091047 /* Build configuration list for PBXNativeTarget "BookTrading" */ = {
			isa = XCConfigurationList;
			buildConfigurations = (
				187A230120833BAD00091047 /* Debug */,
				187A230220833BAD00091047 /* Release */,
			);
			defaultConfigurationIsVisible = 0;
			defaultConfigurationName = Release;
		};
		187A230320833BAD00091047 /* Build configuration list for PBXNativeTarget "BookTradingTests" */ = {
			isa = XCConfigurationList;
			buildConfigurations = (
				187A230420833BAD00091047 /* Debug */,
				187A230520833BAD00091047 /* Release */,
			);
			defaultConfigurationIsVisible = 0;
			defaultConfigurationName = Release;
		};
		187A230620833BAD00091047 /* Build configuration list for PBXNativeTarget "BookTradingUITests" */ = {
			isa = XCConfigurationList;
			buildConfigurations = (
				187A230720833BAD00091047 /* Debug */,
				187A230820833BAD00091047 /* Release */,
			);
			defaultConfigurationIsVisible = 0;
			defaultConfigurationName = Release;
		};
/* End XCConfigurationList section */
	};
	rootObject = 187A22D020833BAB00091047 /* Project object */;
}
